// !$*UTF8*$!
{
	archiveVersion = 1;
	classes = {
	};
	objectVersion = 46;
	objects = {

/* Begin PBXBuildFile section */
		3875361063C5EE98BFB93ACD /* Pods_TwitterClientUITests.framework in Frameworks */ = {isa = PBXBuildFile; fileRef = 8D34E32181E2C05AF5AAE07D /* Pods_TwitterClientUITests.framework */; };
		8A1BE181D87179303401FC79 /* Pods_TwitterClient.framework in Frameworks */ = {isa = PBXBuildFile; fileRef = 821786C717AFE3D736CA9CF2 /* Pods_TwitterClient.framework */; };
		A13AF3D11DC6B22F002BCF5C /* TweetDetailViewController.swift in Sources */ = {isa = PBXBuildFile; fileRef = A13AF3D01DC6B22F002BCF5C /* TweetDetailViewController.swift */; };
		A14DA3171DC6DDB40080A4A4 /* NewTweetViewController.swift in Sources */ = {isa = PBXBuildFile; fileRef = A14DA3161DC6DDB40080A4A4 /* NewTweetViewController.swift */; };
		A14DA31A1DC6EC040080A4A4 /* reply.png in Resources */ = {isa = PBXBuildFile; fileRef = A14DA3191DC6EC040080A4A4 /* reply.png */; };
		A14DA31C1DC6F0DB0080A4A4 /* retweet.png in Resources */ = {isa = PBXBuildFile; fileRef = A14DA31B1DC6F0DB0080A4A4 /* retweet.png */; };
		A14DA31E1DC6F1070080A4A4 /* star.png in Resources */ = {isa = PBXBuildFile; fileRef = A14DA31D1DC6F1070080A4A4 /* star.png */; };
		A15949151DCE726B00265CC5 /* ProfileViewController.swift in Sources */ = {isa = PBXBuildFile; fileRef = A15949141DCE726B00265CC5 /* ProfileViewController.swift */; };
		A15949191DCED7DE00265CC5 /* UserTweetCell.swift in Sources */ = {isa = PBXBuildFile; fileRef = A15949181DCED7DE00265CC5 /* UserTweetCell.swift */; };
		A1713F951DC5006F00E52FC5 /* AppDelegate.swift in Sources */ = {isa = PBXBuildFile; fileRef = A1713F941DC5006F00E52FC5 /* AppDelegate.swift */; };
		A1713F9A1DC5006F00E52FC5 /* Main.storyboard in Resources */ = {isa = PBXBuildFile; fileRef = A1713F981DC5006F00E52FC5 /* Main.storyboard */; };
		A1713F9C1DC5006F00E52FC5 /* Assets.xcassets in Resources */ = {isa = PBXBuildFile; fileRef = A1713F9B1DC5006F00E52FC5 /* Assets.xcassets */; };
		A1713F9F1DC5006F00E52FC5 /* LaunchScreen.storyboard in Resources */ = {isa = PBXBuildFile; fileRef = A1713F9D1DC5006F00E52FC5 /* LaunchScreen.storyboard */; };
		A1713FAA1DC5006F00E52FC5 /* TwitterClientTests.swift in Sources */ = {isa = PBXBuildFile; fileRef = A1713FA91DC5006F00E52FC5 /* TwitterClientTests.swift */; };
		A1713FB51DC5007000E52FC5 /* TwitterClientUITests.swift in Sources */ = {isa = PBXBuildFile; fileRef = A1713FB41DC5007000E52FC5 /* TwitterClientUITests.swift */; };
		A17B55D11DC5045E0027F328 /* LoginViewController.swift in Sources */ = {isa = PBXBuildFile; fileRef = A17B55D01DC5045E0027F328 /* LoginViewController.swift */; };
		A1830BB21DC68DF00067CA92 /* TweetCell.swift in Sources */ = {isa = PBXBuildFile; fileRef = A1830BB11DC68DF00067CA92 /* TweetCell.swift */; };
		A19368231DCDAE1C00418350 /* MenuViewController.swift in Sources */ = {isa = PBXBuildFile; fileRef = A19368221DCDAE1C00418350 /* MenuViewController.swift */; };
		A19368251DCDB42A00418350 /* MenuCell.swift in Sources */ = {isa = PBXBuildFile; fileRef = A19368241DCDB42A00418350 /* MenuCell.swift */; };
		A1EDFFC91DCD9AEF00B89E9C /* HamburgerViewController.swift in Sources */ = {isa = PBXBuildFile; fileRef = A1EDFFC81DCD9AEF00B89E9C /* HamburgerViewController.swift */; };
		A1FE67631DC569A4003B1A2B /* User.swift in Sources */ = {isa = PBXBuildFile; fileRef = A1FE67621DC569A4003B1A2B /* User.swift */; };
		A1FE67651DC569BA003B1A2B /* Tweet.swift in Sources */ = {isa = PBXBuildFile; fileRef = A1FE67641DC569BA003B1A2B /* Tweet.swift */; };
		A1FE67671DC56FB5003B1A2B /* TwitterClient.swift in Sources */ = {isa = PBXBuildFile; fileRef = A1FE67661DC56FB5003B1A2B /* TwitterClient.swift */; };
		A1FE676B1DC5805F003B1A2B /* TweetsViewController.swift in Sources */ = {isa = PBXBuildFile; fileRef = A1FE676A1DC5805F003B1A2B /* TweetsViewController.swift */; };
		C3A8F13C009C5E1459AE5F36 /* Pods_TwitterClientTests.framework in Frameworks */ = {isa = PBXBuildFile; fileRef = 0D5D69F623577A9FA99906A2 /* Pods_TwitterClientTests.framework */; };
/* End PBXBuildFile section */

/* Begin PBXContainerItemProxy section */
		A1713FA61DC5006F00E52FC5 /* PBXContainerItemProxy */ = {
			isa = PBXContainerItemProxy;
			containerPortal = A1713F891DC5006F00E52FC5 /* Project object */;
			proxyType = 1;
			remoteGlobalIDString = A1713F901DC5006F00E52FC5;
			remoteInfo = TwitterClient;
		};
		A1713FB11DC5007000E52FC5 /* PBXContainerItemProxy */ = {
			isa = PBXContainerItemProxy;
			containerPortal = A1713F891DC5006F00E52FC5 /* Project object */;
			proxyType = 1;
			remoteGlobalIDString = A1713F901DC5006F00E52FC5;
			remoteInfo = TwitterClient;
		};
/* End PBXContainerItemProxy section */

/* Begin PBXFileReference section */
		0D5D69F623577A9FA99906A2 /* Pods_TwitterClientTests.framework */ = {isa = PBXFileReference; explicitFileType = wrapper.framework; includeInIndex = 0; path = Pods_TwitterClientTests.framework; sourceTree = BUILT_PRODUCTS_DIR; };
		13B93432127CBEE4C3F2C6AC /* Pods-TwitterClientTests.release.xcconfig */ = {isa = PBXFileReference; includeInIndex = 1; lastKnownFileType = text.xcconfig; name = "Pods-TwitterClientTests.release.xcconfig"; path = "Pods/Target Support Files/Pods-TwitterClientTests/Pods-TwitterClientTests.release.xcconfig"; sourceTree = "<group>"; };
		3336038CB6EBCD7977A03892 /* Pods-TwitterClientUITests.release.xcconfig */ = {isa = PBXFileReference; includeInIndex = 1; lastKnownFileType = text.xcconfig; name = "Pods-TwitterClientUITests.release.xcconfig"; path = "Pods/Target Support Files/Pods-TwitterClientUITests/Pods-TwitterClientUITests.release.xcconfig"; sourceTree = "<group>"; };
		33C0796B789186A26F4CD260 /* Pods-TwitterClientTests.debug.xcconfig */ = {isa = PBXFileReference; includeInIndex = 1; lastKnownFileType = text.xcconfig; name = "Pods-TwitterClientTests.debug.xcconfig"; path = "Pods/Target Support Files/Pods-TwitterClientTests/Pods-TwitterClientTests.debug.xcconfig"; sourceTree = "<group>"; };
		821786C717AFE3D736CA9CF2 /* Pods_TwitterClient.framework */ = {isa = PBXFileReference; explicitFileType = wrapper.framework; includeInIndex = 0; path = Pods_TwitterClient.framework; sourceTree = BUILT_PRODUCTS_DIR; };
		8D34E32181E2C05AF5AAE07D /* Pods_TwitterClientUITests.framework */ = {isa = PBXFileReference; explicitFileType = wrapper.framework; includeInIndex = 0; path = Pods_TwitterClientUITests.framework; sourceTree = BUILT_PRODUCTS_DIR; };
		A13AF3D01DC6B22F002BCF5C /* TweetDetailViewController.swift */ = {isa = PBXFileReference; fileEncoding = 4; lastKnownFileType = sourcecode.swift; path = TweetDetailViewController.swift; sourceTree = "<group>"; };
		A14DA3161DC6DDB40080A4A4 /* NewTweetViewController.swift */ = {isa = PBXFileReference; fileEncoding = 4; lastKnownFileType = sourcecode.swift; path = NewTweetViewController.swift; sourceTree = "<group>"; };
		A14DA3191DC6EC040080A4A4 /* reply.png */ = {isa = PBXFileReference; lastKnownFileType = image.png; name = reply.png; path = ../../../../../../Downloads/reply.png; sourceTree = "<group>"; };
		A14DA31B1DC6F0DB0080A4A4 /* retweet.png */ = {isa = PBXFileReference; lastKnownFileType = image.png; name = retweet.png; path = ../../../../../../Downloads/retweet.png; sourceTree = "<group>"; };
		A14DA31D1DC6F1070080A4A4 /* star.png */ = {isa = PBXFileReference; lastKnownFileType = image.png; name = star.png; path = ../../../../../../Downloads/star.png; sourceTree = "<group>"; };
		A15949141DCE726B00265CC5 /* ProfileViewController.swift */ = {isa = PBXFileReference; fileEncoding = 4; lastKnownFileType = sourcecode.swift; path = ProfileViewController.swift; sourceTree = "<group>"; };
		A15949181DCED7DE00265CC5 /* UserTweetCell.swift */ = {isa = PBXFileReference; fileEncoding = 4; lastKnownFileType = sourcecode.swift; path = UserTweetCell.swift; sourceTree = "<group>"; };
		A1713F911DC5006F00E52FC5 /* TwitterClient.app */ = {isa = PBXFileReference; explicitFileType = wrapper.application; includeInIndex = 0; path = TwitterClient.app; sourceTree = BUILT_PRODUCTS_DIR; };
		A1713F941DC5006F00E52FC5 /* AppDelegate.swift */ = {isa = PBXFileReference; lastKnownFileType = sourcecode.swift; path = AppDelegate.swift; sourceTree = "<group>"; };
		A1713F991DC5006F00E52FC5 /* Base */ = {isa = PBXFileReference; lastKnownFileType = file.storyboard; name = Base; path = Base.lproj/Main.storyboard; sourceTree = "<group>"; };
		A1713F9B1DC5006F00E52FC5 /* Assets.xcassets */ = {isa = PBXFileReference; lastKnownFileType = folder.assetcatalog; path = Assets.xcassets; sourceTree = "<group>"; };
		A1713F9E1DC5006F00E52FC5 /* Base */ = {isa = PBXFileReference; lastKnownFileType = file.storyboard; name = Base; path = Base.lproj/LaunchScreen.storyboard; sourceTree = "<group>"; };
		A1713FA01DC5006F00E52FC5 /* Info.plist */ = {isa = PBXFileReference; lastKnownFileType = text.plist.xml; path = Info.plist; sourceTree = "<group>"; };
		A1713FA51DC5006F00E52FC5 /* TwitterClientTests.xctest */ = {isa = PBXFileReference; explicitFileType = wrapper.cfbundle; includeInIndex = 0; path = TwitterClientTests.xctest; sourceTree = BUILT_PRODUCTS_DIR; };
		A1713FA91DC5006F00E52FC5 /* TwitterClientTests.swift */ = {isa = PBXFileReference; lastKnownFileType = sourcecode.swift; path = TwitterClientTests.swift; sourceTree = "<group>"; };
		A1713FAB1DC5006F00E52FC5 /* Info.plist */ = {isa = PBXFileReference; lastKnownFileType = text.plist.xml; path = Info.plist; sourceTree = "<group>"; };
		A1713FB01DC5007000E52FC5 /* TwitterClientUITests.xctest */ = {isa = PBXFileReference; explicitFileType = wrapper.cfbundle; includeInIndex = 0; path = TwitterClientUITests.xctest; sourceTree = BUILT_PRODUCTS_DIR; };
		A1713FB41DC5007000E52FC5 /* TwitterClientUITests.swift */ = {isa = PBXFileReference; lastKnownFileType = sourcecode.swift; path = TwitterClientUITests.swift; sourceTree = "<group>"; };
		A1713FB61DC5007000E52FC5 /* Info.plist */ = {isa = PBXFileReference; lastKnownFileType = text.plist.xml; path = Info.plist; sourceTree = "<group>"; };
		A17B55D01DC5045E0027F328 /* LoginViewController.swift */ = {isa = PBXFileReference; fileEncoding = 4; lastKnownFileType = sourcecode.swift; path = LoginViewController.swift; sourceTree = "<group>"; };
		A1830BB11DC68DF00067CA92 /* TweetCell.swift */ = {isa = PBXFileReference; fileEncoding = 4; lastKnownFileType = sourcecode.swift; path = TweetCell.swift; sourceTree = "<group>"; };
		A1830BB31DC692870067CA92 /* TwitterClient.entitlements */ = {isa = PBXFileReference; lastKnownFileType = text.plist.entitlements; path = TwitterClient.entitlements; sourceTree = "<group>"; };
		A19368221DCDAE1C00418350 /* MenuViewController.swift */ = {isa = PBXFileReference; fileEncoding = 4; lastKnownFileType = sourcecode.swift; path = MenuViewController.swift; sourceTree = "<group>"; };
		A19368241DCDB42A00418350 /* MenuCell.swift */ = {isa = PBXFileReference; fileEncoding = 4; lastKnownFileType = sourcecode.swift; path = MenuCell.swift; sourceTree = "<group>"; };
		A1EDFFC81DCD9AEF00B89E9C /* HamburgerViewController.swift */ = {isa = PBXFileReference; fileEncoding = 4; lastKnownFileType = sourcecode.swift; path = HamburgerViewController.swift; sourceTree = "<group>"; };
		A1FE67621DC569A4003B1A2B /* User.swift */ = {isa = PBXFileReference; fileEncoding = 4; lastKnownFileType = sourcecode.swift; path = User.swift; sourceTree = "<group>"; };
		A1FE67641DC569BA003B1A2B /* Tweet.swift */ = {isa = PBXFileReference; fileEncoding = 4; lastKnownFileType = sourcecode.swift; path = Tweet.swift; sourceTree = "<group>"; };
		A1FE67661DC56FB5003B1A2B /* TwitterClient.swift */ = {isa = PBXFileReference; fileEncoding = 4; lastKnownFileType = sourcecode.swift; path = TwitterClient.swift; sourceTree = "<group>"; };
		A1FE676A1DC5805F003B1A2B /* TweetsViewController.swift */ = {isa = PBXFileReference; fileEncoding = 4; lastKnownFileType = sourcecode.swift; path = TweetsViewController.swift; sourceTree = "<group>"; };
		B47590F1DFF182C0A3EC1B41 /* Pods-TwitterClientUITests.debug.xcconfig */ = {isa = PBXFileReference; includeInIndex = 1; lastKnownFileType = text.xcconfig; name = "Pods-TwitterClientUITests.debug.xcconfig"; path = "Pods/Target Support Files/Pods-TwitterClientUITests/Pods-TwitterClientUITests.debug.xcconfig"; sourceTree = "<group>"; };
		C34B606B47831E612AE7CE82 /* Pods-TwitterClient.debug.xcconfig */ = {isa = PBXFileReference; includeInIndex = 1; lastKnownFileType = text.xcconfig; name = "Pods-TwitterClient.debug.xcconfig"; path = "Pods/Target Support Files/Pods-TwitterClient/Pods-TwitterClient.debug.xcconfig"; sourceTree = "<group>"; };
		D680020E0387B8D29D044661 /* Pods-TwitterClient.release.xcconfig */ = {isa = PBXFileReference; includeInIndex = 1; lastKnownFileType = text.xcconfig; name = "Pods-TwitterClient.release.xcconfig"; path = "Pods/Target Support Files/Pods-TwitterClient/Pods-TwitterClient.release.xcconfig"; sourceTree = "<group>"; };
/* End PBXFileReference section */

/* Begin PBXFrameworksBuildPhase section */
		A1713F8E1DC5006F00E52FC5 /* Frameworks */ = {
			isa = PBXFrameworksBuildPhase;
			buildActionMask = 2147483647;
			files = (
				8A1BE181D87179303401FC79 /* Pods_TwitterClient.framework in Frameworks */,
			);
			runOnlyForDeploymentPostprocessing = 0;
		};
		A1713FA21DC5006F00E52FC5 /* Frameworks */ = {
			isa = PBXFrameworksBuildPhase;
			buildActionMask = 2147483647;
			files = (
				C3A8F13C009C5E1459AE5F36 /* Pods_TwitterClientTests.framework in Frameworks */,
			);
			runOnlyForDeploymentPostprocessing = 0;
		};
		A1713FAD1DC5007000E52FC5 /* Frameworks */ = {
			isa = PBXFrameworksBuildPhase;
			buildActionMask = 2147483647;
			files = (
				3875361063C5EE98BFB93ACD /* Pods_TwitterClientUITests.framework in Frameworks */,
			);
			runOnlyForDeploymentPostprocessing = 0;
		};
/* End PBXFrameworksBuildPhase section */

/* Begin PBXGroup section */
		170AE1E71F3470E86A926420 /* Pods */ = {
			isa = PBXGroup;
			children = (
				C34B606B47831E612AE7CE82 /* Pods-TwitterClient.debug.xcconfig */,
				D680020E0387B8D29D044661 /* Pods-TwitterClient.release.xcconfig */,
				33C0796B789186A26F4CD260 /* Pods-TwitterClientTests.debug.xcconfig */,
				13B93432127CBEE4C3F2C6AC /* Pods-TwitterClientTests.release.xcconfig */,
				B47590F1DFF182C0A3EC1B41 /* Pods-TwitterClientUITests.debug.xcconfig */,
				3336038CB6EBCD7977A03892 /* Pods-TwitterClientUITests.release.xcconfig */,
			);
			name = Pods;
			sourceTree = "<group>";
		};
		2C8BFAE60FD12808B72ADD9F /* Frameworks */ = {
			isa = PBXGroup;
			children = (
				821786C717AFE3D736CA9CF2 /* Pods_TwitterClient.framework */,
				0D5D69F623577A9FA99906A2 /* Pods_TwitterClientTests.framework */,
				8D34E32181E2C05AF5AAE07D /* Pods_TwitterClientUITests.framework */,
			);
			name = Frameworks;
			sourceTree = "<group>";
		};
		A14DA3181DC6EBDF0080A4A4 /* Image */ = {
			isa = PBXGroup;
			children = (
				A14DA31D1DC6F1070080A4A4 /* star.png */,
				A14DA31B1DC6F0DB0080A4A4 /* retweet.png */,
				A14DA3191DC6EC040080A4A4 /* reply.png */,
			);
			name = Image;
			sourceTree = "<group>";
		};
		A1713F881DC5006F00E52FC5 = {
			isa = PBXGroup;
			children = (
				A1713F931DC5006F00E52FC5 /* TwitterClient */,
				A1713FA81DC5006F00E52FC5 /* TwitterClientTests */,
				A1713FB31DC5007000E52FC5 /* TwitterClientUITests */,
				A1713F921DC5006F00E52FC5 /* Products */,
				170AE1E71F3470E86A926420 /* Pods */,
				2C8BFAE60FD12808B72ADD9F /* Frameworks */,
			);
			sourceTree = "<group>";
		};
		A1713F921DC5006F00E52FC5 /* Products */ = {
			isa = PBXGroup;
			children = (
				A1713F911DC5006F00E52FC5 /* TwitterClient.app */,
				A1713FA51DC5006F00E52FC5 /* TwitterClientTests.xctest */,
				A1713FB01DC5007000E52FC5 /* TwitterClientUITests.xctest */,
			);
			name = Products;
			sourceTree = "<group>";
		};
		A1713F931DC5006F00E52FC5 /* TwitterClient */ = {
			isa = PBXGroup;
			children = (
				A14DA3181DC6EBDF0080A4A4 /* Image */,
				A1830BB31DC692870067CA92 /* TwitterClient.entitlements */,
				A1830BAA1DC68BB80067CA92 /* Views */,
				A1FE67611DC568CB003B1A2B /* API */,
				A1FE67601DC568B6003B1A2B /* View Controllers */,
				A1FE675F1DC568AB003B1A2B /* Models */,
				A1713F941DC5006F00E52FC5 /* AppDelegate.swift */,
				A1713F981DC5006F00E52FC5 /* Main.storyboard */,
				A1713F9B1DC5006F00E52FC5 /* Assets.xcassets */,
				A1713F9D1DC5006F00E52FC5 /* LaunchScreen.storyboard */,
				A1713FA01DC5006F00E52FC5 /* Info.plist */,
			);
			path = TwitterClient;
			sourceTree = "<group>";
		};
		A1713FA81DC5006F00E52FC5 /* TwitterClientTests */ = {
			isa = PBXGroup;
			children = (
				A1713FA91DC5006F00E52FC5 /* TwitterClientTests.swift */,
				A1713FAB1DC5006F00E52FC5 /* Info.plist */,
			);
			path = TwitterClientTests;
			sourceTree = "<group>";
		};
		A1713FB31DC5007000E52FC5 /* TwitterClientUITests */ = {
			isa = PBXGroup;
			children = (
				A1713FB41DC5007000E52FC5 /* TwitterClientUITests.swift */,
				A1713FB61DC5007000E52FC5 /* Info.plist */,
			);
			path = TwitterClientUITests;
			sourceTree = "<group>";
		};
		A1830BAA1DC68BB80067CA92 /* Views */ = {
			isa = PBXGroup;
			children = (
				A1830BB11DC68DF00067CA92 /* TweetCell.swift */,
				A19368241DCDB42A00418350 /* MenuCell.swift */,
				A15949181DCED7DE00265CC5 /* UserTweetCell.swift */,
			);
			name = Views;
			sourceTree = "<group>";
		};
		A1FE675F1DC568AB003B1A2B /* Models */ = {
			isa = PBXGroup;
			children = (
				A1FE67621DC569A4003B1A2B /* User.swift */,
				A1FE67641DC569BA003B1A2B /* Tweet.swift */,
			);
			name = Models;
			sourceTree = "<group>";
		};
		A1FE67601DC568B6003B1A2B /* View Controllers */ = {
			isa = PBXGroup;
			children = (
				A17B55D01DC5045E0027F328 /* LoginViewController.swift */,
				A1FE676A1DC5805F003B1A2B /* TweetsViewController.swift */,
				A13AF3D01DC6B22F002BCF5C /* TweetDetailViewController.swift */,
				A14DA3161DC6DDB40080A4A4 /* NewTweetViewController.swift */,
				A1EDFFC81DCD9AEF00B89E9C /* HamburgerViewController.swift */,
				A19368221DCDAE1C00418350 /* MenuViewController.swift */,
				A15949141DCE726B00265CC5 /* ProfileViewController.swift */,
			);
			name = "View Controllers";
			sourceTree = "<group>";
		};
		A1FE67611DC568CB003B1A2B /* API */ = {
			isa = PBXGroup;
			children = (
				A1FE67661DC56FB5003B1A2B /* TwitterClient.swift */,
			);
			name = API;
			sourceTree = "<group>";
		};
/* End PBXGroup section */

/* Begin PBXNativeTarget section */
		A1713F901DC5006F00E52FC5 /* TwitterClient */ = {
			isa = PBXNativeTarget;
			buildConfigurationList = A1713FB91DC5007000E52FC5 /* Build configuration list for PBXNativeTarget "TwitterClient" */;
			buildPhases = (
				03F18CD723DBB46B2EDF6CC9 /* [CP] Check Pods Manifest.lock */,
				A1713F8D1DC5006F00E52FC5 /* Sources */,
				A1713F8E1DC5006F00E52FC5 /* Frameworks */,
				A1713F8F1DC5006F00E52FC5 /* Resources */,
				9A1DD226FF269B5E09F77301 /* [CP] Embed Pods Frameworks */,
				34FB4C768D388DB35B72F01F /* [CP] Copy Pods Resources */,
			);
			buildRules = (
			);
			dependencies = (
			);
			name = TwitterClient;
			productName = TwitterClient;
			productReference = A1713F911DC5006F00E52FC5 /* TwitterClient.app */;
			productType = "com.apple.product-type.application";
		};
		A1713FA41DC5006F00E52FC5 /* TwitterClientTests */ = {
			isa = PBXNativeTarget;
			buildConfigurationList = A1713FBC1DC5007000E52FC5 /* Build configuration list for PBXNativeTarget "TwitterClientTests" */;
			buildPhases = (
				10B38BD0BDF488B33C6F3FA5 /* [CP] Check Pods Manifest.lock */,
				A1713FA11DC5006F00E52FC5 /* Sources */,
				A1713FA21DC5006F00E52FC5 /* Frameworks */,
				A1713FA31DC5006F00E52FC5 /* Resources */,
				D547428F2104F4CCFB7443CB /* [CP] Embed Pods Frameworks */,
				4D669CFC4EFE04706CC0965D /* [CP] Copy Pods Resources */,
			);
			buildRules = (
			);
			dependencies = (
				A1713FA71DC5006F00E52FC5 /* PBXTargetDependency */,
			);
			name = TwitterClientTests;
			productName = TwitterClientTests;
			productReference = A1713FA51DC5006F00E52FC5 /* TwitterClientTests.xctest */;
			productType = "com.apple.product-type.bundle.unit-test";
		};
		A1713FAF1DC5007000E52FC5 /* TwitterClientUITests */ = {
			isa = PBXNativeTarget;
			buildConfigurationList = A1713FBF1DC5007000E52FC5 /* Build configuration list for PBXNativeTarget "TwitterClientUITests" */;
			buildPhases = (
				D5262E207F79ABFA7A4C3A69 /* [CP] Check Pods Manifest.lock */,
				A1713FAC1DC5007000E52FC5 /* Sources */,
				A1713FAD1DC5007000E52FC5 /* Frameworks */,
				A1713FAE1DC5007000E52FC5 /* Resources */,
				451F3A89DCE35E420C1695CA /* [CP] Copy Pods Resources */,
			);
			buildRules = (
			);
			dependencies = (
				A1713FB21DC5007000E52FC5 /* PBXTargetDependency */,
			);
			name = TwitterClientUITests;
			productName = TwitterClientUITests;
			productReference = A1713FB01DC5007000E52FC5 /* TwitterClientUITests.xctest */;
			productType = "com.apple.product-type.bundle.ui-testing";
		};
/* End PBXNativeTarget section */

/* Begin PBXProject section */
		A1713F891DC5006F00E52FC5 /* Project object */ = {
			isa = PBXProject;
			attributes = {
				LastSwiftUpdateCheck = 0800;
				LastUpgradeCheck = 0800;
				ORGANIZATIONNAME = "Chenran Gong";
				TargetAttributes = {
					A1713F901DC5006F00E52FC5 = {
						CreatedOnToolsVersion = 8.0;
						DevelopmentTeam = UBWJ53ZM94;
						ProvisioningStyle = Automatic;
						SystemCapabilities = {
							com.apple.Keychain = {
								enabled = 1;
							};
						};
					};
					A1713FA41DC5006F00E52FC5 = {
						CreatedOnToolsVersion = 8.0;
						ProvisioningStyle = Automatic;
						TestTargetID = A1713F901DC5006F00E52FC5;
					};
					A1713FAF1DC5007000E52FC5 = {
						CreatedOnToolsVersion = 8.0;
						ProvisioningStyle = Automatic;
						TestTargetID = A1713F901DC5006F00E52FC5;
					};
				};
			};
			buildConfigurationList = A1713F8C1DC5006F00E52FC5 /* Build configuration list for PBXProject "TwitterClient" */;
			compatibilityVersion = "Xcode 3.2";
			developmentRegion = English;
			hasScannedForEncodings = 0;
			knownRegions = (
				en,
				Base,
			);
			mainGroup = A1713F881DC5006F00E52FC5;
			productRefGroup = A1713F921DC5006F00E52FC5 /* Products */;
			projectDirPath = "";
			projectRoot = "";
			targets = (
				A1713F901DC5006F00E52FC5 /* TwitterClient */,
				A1713FA41DC5006F00E52FC5 /* TwitterClientTests */,
				A1713FAF1DC5007000E52FC5 /* TwitterClientUITests */,
			);
		};
/* End PBXProject section */

/* Begin PBXResourcesBuildPhase section */
		A1713F8F1DC5006F00E52FC5 /* Resources */ = {
			isa = PBXResourcesBuildPhase;
			buildActionMask = 2147483647;
			files = (
				A14DA31A1DC6EC040080A4A4 /* reply.png in Resources */,
				A14DA31C1DC6F0DB0080A4A4 /* retweet.png in Resources */,
				A1713F9F1DC5006F00E52FC5 /* LaunchScreen.storyboard in Resources */,
				A1713F9C1DC5006F00E52FC5 /* Assets.xcassets in Resources */,
				A1713F9A1DC5006F00E52FC5 /* Main.storyboard in Resources */,
				A14DA31E1DC6F1070080A4A4 /* star.png in Resources */,
			);
			runOnlyForDeploymentPostprocessing = 0;
		};
		A1713FA31DC5006F00E52FC5 /* Resources */ = {
			isa = PBXResourcesBuildPhase;
			buildActionMask = 2147483647;
			files = (
			);
			runOnlyForDeploymentPostprocessing = 0;
		};
		A1713FAE1DC5007000E52FC5 /* Resources */ = {
			isa = PBXResourcesBuildPhase;
			buildActionMask = 2147483647;
			files = (
			);
			runOnlyForDeploymentPostprocessing = 0;
		};
/* End PBXResourcesBuildPhase section */

/* Begin PBXShellScriptBuildPhase section */
		03F18CD723DBB46B2EDF6CC9 /* [CP] Check Pods Manifest.lock */ = {
			isa = PBXShellScriptBuildPhase;
			buildActionMask = 2147483647;
			files = (
			);
			inputPaths = (
			);
			name = "[CP] Check Pods Manifest.lock";
			outputPaths = (
			);
			runOnlyForDeploymentPostprocessing = 0;
			shellPath = /bin/sh;
			shellScript = "diff \"${PODS_ROOT}/../Podfile.lock\" \"${PODS_ROOT}/Manifest.lock\" > /dev/null\nif [[ $? != 0 ]] ; then\n    cat << EOM\nerror: The sandbox is not in sync with the Podfile.lock. Run 'pod install' or update your CocoaPods installation.\nEOM\n    exit 1\nfi\n";
			showEnvVarsInLog = 0;
		};
		10B38BD0BDF488B33C6F3FA5 /* [CP] Check Pods Manifest.lock */ = {
			isa = PBXShellScriptBuildPhase;
			buildActionMask = 2147483647;
			files = (
			);
			inputPaths = (
			);
			name = "[CP] Check Pods Manifest.lock";
			outputPaths = (
			);
			runOnlyForDeploymentPostprocessing = 0;
			shellPath = /bin/sh;
			shellScript = "diff \"${PODS_ROOT}/../Podfile.lock\" \"${PODS_ROOT}/Manifest.lock\" > /dev/null\nif [[ $? != 0 ]] ; then\n    cat << EOM\nerror: The sandbox is not in sync with the Podfile.lock. Run 'pod install' or update your CocoaPods installation.\nEOM\n    exit 1\nfi\n";
			showEnvVarsInLog = 0;
		};
		34FB4C768D388DB35B72F01F /* [CP] Copy Pods Resources */ = {
			isa = PBXShellScriptBuildPhase;
			buildActionMask = 2147483647;
			files = (
			);
			inputPaths = (
			);
			name = "[CP] Copy Pods Resources";
			outputPaths = (
			);
			runOnlyForDeploymentPostprocessing = 0;
			shellPath = /bin/sh;
			shellScript = "\"${SRCROOT}/Pods/Target Support Files/Pods-TwitterClient/Pods-TwitterClient-resources.sh\"\n";
			showEnvVarsInLog = 0;
		};
		451F3A89DCE35E420C1695CA /* [CP] Copy Pods Resources */ = {
			isa = PBXShellScriptBuildPhase;
			buildActionMask = 2147483647;
			files = (
			);
			inputPaths = (
			);
			name = "[CP] Copy Pods Resources";
			outputPaths = (
			);
			runOnlyForDeploymentPostprocessing = 0;
			shellPath = /bin/sh;
			shellScript = "\"${SRCROOT}/Pods/Target Support Files/Pods-TwitterClientUITests/Pods-TwitterClientUITests-resources.sh\"\n";
			showEnvVarsInLog = 0;
		};
		4D669CFC4EFE04706CC0965D /* [CP] Copy Pods Resources */ = {
			isa = PBXShellScriptBuildPhase;
			buildActionMask = 2147483647;
			files = (
			);
			inputPaths = (
			);
			name = "[CP] Copy Pods Resources";
			outputPaths = (
			);
			runOnlyForDeploymentPostprocessing = 0;
			shellPath = /bin/sh;
			shellScript = "\"${SRCROOT}/Pods/Target Support Files/Pods-TwitterClientTests/Pods-TwitterClientTests-resources.sh\"\n";
			showEnvVarsInLog = 0;
		};
		9A1DD226FF269B5E09F77301 /* [CP] Embed Pods Frameworks */ = {
			isa = PBXShellScriptBuildPhase;
			buildActionMask = 2147483647;
			files = (
			);
			inputPaths = (
			);
			name = "[CP] Embed Pods Frameworks";
			outputPaths = (
			);
			runOnlyForDeploymentPostprocessing = 0;
			shellPath = /bin/sh;
			shellScript = "\"${SRCROOT}/Pods/Target Support Files/Pods-TwitterClient/Pods-TwitterClient-frameworks.sh\"\n";
			showEnvVarsInLog = 0;
		};
		D5262E207F79ABFA7A4C3A69 /* [CP] Check Pods Manifest.lock */ = {
			isa = PBXShellScriptBuildPhase;
			buildActionMask = 2147483647;
			files = (
			);
			inputPaths = (
			);
			name = "[CP] Check Pods Manifest.lock";
			outputPaths = (
			);
			runOnlyForDeploymentPostprocessing = 0;
			shellPath = /bin/sh;
			shellScript = "diff \"${PODS_ROOT}/../Podfile.lock\" \"${PODS_ROOT}/Manifest.lock\" > /dev/null\nif [[ $? != 0 ]] ; then\n    cat << EOM\nerror: The sandbox is not in sync with the Podfile.lock. Run 'pod install' or update your CocoaPods installation.\nEOM\n    exit 1\nfi\n";
			showEnvVarsInLog = 0;
		};
		D547428F2104F4CCFB7443CB /* [CP] Embed Pods Frameworks */ = {
			isa = PBXShellScriptBuildPhase;
			buildActionMask = 2147483647;
			files = (
			);
			inputPaths = (
			);
			name = "[CP] Embed Pods Frameworks";
			outputPaths = (
			);
			runOnlyForDeploymentPostprocessing = 0;
			shellPath = /bin/sh;
			shellScript = "\"${SRCROOT}/Pods/Target Support Files/Pods-TwitterClientTests/Pods-TwitterClientTests-frameworks.sh\"\n";
			showEnvVarsInLog = 0;
		};
/* End PBXShellScriptBuildPhase section */

/* Begin PBXSourcesBuildPhase section */
		A1713F8D1DC5006F00E52FC5 /* Sources */ = {
			isa = PBXSourcesBuildPhase;
			buildActionMask = 2147483647;
			files = (
				A1FE67631DC569A4003B1A2B /* User.swift in Sources */,
				A1830BB21DC68DF00067CA92 /* TweetCell.swift in Sources */,
				A19368251DCDB42A00418350 /* MenuCell.swift in Sources */,
				A1FE67651DC569BA003B1A2B /* Tweet.swift in Sources */,
				A17B55D11DC5045E0027F328 /* LoginViewController.swift in Sources */,
				A19368231DCDAE1C00418350 /* MenuViewController.swift in Sources */,
				A1FE676B1DC5805F003B1A2B /* TweetsViewController.swift in Sources */,
				A13AF3D11DC6B22F002BCF5C /* TweetDetailViewController.swift in Sources */,
				A1FE67671DC56FB5003B1A2B /* TwitterClient.swift in Sources */,
				A14DA3171DC6DDB40080A4A4 /* NewTweetViewController.swift in Sources */,
				A15949151DCE726B00265CC5 /* ProfileViewController.swift in Sources */,
				A1EDFFC91DCD9AEF00B89E9C /* HamburgerViewController.swift in Sources */,
				A15949191DCED7DE00265CC5 /* UserTweetCell.swift in Sources */,
				A1713F951DC5006F00E52FC5 /* AppDelegate.swift in Sources */,
			);
			runOnlyForDeploymentPostprocessing = 0;
		};
		A1713FA11DC5006F00E52FC5 /* Sources */ = {
			isa = PBXSourcesBuildPhase;
			buildActionMask = 2147483647;
			files = (
				A1713FAA1DC5006F00E52FC5 /* TwitterClientTests.swift in Sources */,
			);
			runOnlyForDeploymentPostprocessing = 0;
		};
		A1713FAC1DC5007000E52FC5 /* Sources */ = {
			isa = PBXSourcesBuildPhase;
			buildActionMask = 2147483647;
			files = (
				A1713FB51DC5007000E52FC5 /* TwitterClientUITests.swift in Sources */,
			);
			runOnlyForDeploymentPostprocessing = 0;
		};
/* End PBXSourcesBuildPhase section */

/* Begin PBXTargetDependency section */
		A1713FA71DC5006F00E52FC5 /* PBXTargetDependency */ = {
			isa = PBXTargetDependency;
			target = A1713F901DC5006F00E52FC5 /* TwitterClient */;
			targetProxy = A1713FA61DC5006F00E52FC5 /* PBXContainerItemProxy */;
		};
		A1713FB21DC5007000E52FC5 /* PBXTargetDependency */ = {
			isa = PBXTargetDependency;
			target = A1713F901DC5006F00E52FC5 /* TwitterClient */;
			targetProxy = A1713FB11DC5007000E52FC5 /* PBXContainerItemProxy */;
		};
/* End PBXTargetDependency section */

/* Begin PBXVariantGroup section */
		A1713F981DC5006F00E52FC5 /* Main.storyboard */ = {
			isa = PBXVariantGroup;
			children = (
				A1713F991DC5006F00E52FC5 /* Base */,
			);
			name = Main.storyboard;
			sourceTree = "<group>";
		};
		A1713F9D1DC5006F00E52FC5 /* LaunchScreen.storyboard */ = {
			isa = PBXVariantGroup;
			children = (
				A1713F9E1DC5006F00E52FC5 /* Base */,
			);
			name = LaunchScreen.storyboard;
			sourceTree = "<group>";
		};
/* End PBXVariantGroup section */

/* Begin XCBuildConfiguration section */
		A1713FB71DC5007000E52FC5 /* Debug */ = {
			isa = XCBuildConfiguration;
			buildSettings = {
				ALWAYS_SEARCH_USER_PATHS = NO;
				CLANG_ANALYZER_NONNULL = YES;
				CLANG_CXX_LANGUAGE_STANDARD = "gnu++0x";
				CLANG_CXX_LIBRARY = "libc++";
				CLANG_ENABLE_MODULES = YES;
				CLANG_ENABLE_OBJC_ARC = YES;
				CLANG_WARN_BOOL_CONVERSION = YES;
				CLANG_WARN_CONSTANT_CONVERSION = YES;
				CLANG_WARN_DIRECT_OBJC_ISA_USAGE = YES_ERROR;
				CLANG_WARN_DOCUMENTATION_COMMENTS = YES;
				CLANG_WARN_EMPTY_BODY = YES;
				CLANG_WARN_ENUM_CONVERSION = YES;
				CLANG_WARN_INFINITE_RECURSION = YES;
				CLANG_WARN_INT_CONVERSION = YES;
				CLANG_WARN_OBJC_ROOT_CLASS = YES_ERROR;
				CLANG_WARN_SUSPICIOUS_MOVES = YES;
				CLANG_WARN_UNREACHABLE_CODE = YES;
				CLANG_WARN__DUPLICATE_METHOD_MATCH = YES;
				"CODE_SIGN_IDENTITY[sdk=iphoneos*]" = "iPhone Developer";
				COPY_PHASE_STRIP = NO;
				DEBUG_INFORMATION_FORMAT = dwarf;
				ENABLE_STRICT_OBJC_MSGSEND = YES;
				ENABLE_TESTABILITY = YES;
				GCC_C_LANGUAGE_STANDARD = gnu99;
				GCC_DYNAMIC_NO_PIC = NO;
				GCC_NO_COMMON_BLOCKS = YES;
				GCC_OPTIMIZATION_LEVEL = 0;
				GCC_PREPROCESSOR_DEFINITIONS = (
					"DEBUG=1",
					"$(inherited)",
				);
				GCC_WARN_64_TO_32_BIT_CONVERSION = YES;
				GCC_WARN_ABOUT_RETURN_TYPE = YES_ERROR;
				GCC_WARN_UNDECLARED_SELECTOR = YES;
				GCC_WARN_UNINITIALIZED_AUTOS = YES_AGGRESSIVE;
				GCC_WARN_UNUSED_FUNCTION = YES;
				GCC_WARN_UNUSED_VARIABLE = YES;
				IPHONEOS_DEPLOYMENT_TARGET = 10.0;
				MTL_ENABLE_DEBUG_INFO = YES;
				ONLY_ACTIVE_ARCH = YES;
				SDKROOT = iphoneos;
				SWIFT_ACTIVE_COMPILATION_CONDITIONS = DEBUG;
				SWIFT_OPTIMIZATION_LEVEL = "-Onone";
			};
			name = Debug;
		};
		A1713FB81DC5007000E52FC5 /* Release */ = {
			isa = XCBuildConfiguration;
			buildSettings = {
				ALWAYS_SEARCH_USER_PATHS = NO;
				CLANG_ANALYZER_NONNULL = YES;
				CLANG_CXX_LANGUAGE_STANDARD = "gnu++0x";
				CLANG_CXX_LIBRARY = "libc++";
				CLANG_ENABLE_MODULES = YES;
				CLANG_ENABLE_OBJC_ARC = YES;
				CLANG_WARN_BOOL_CONVERSION = YES;
				CLANG_WARN_CONSTANT_CONVERSION = YES;
				CLANG_WARN_DIRECT_OBJC_ISA_USAGE = YES_ERROR;
				CLANG_WARN_DOCUMENTATION_COMMENTS = YES;
				CLANG_WARN_EMPTY_BODY = YES;
				CLANG_WARN_ENUM_CONVERSION = YES;
				CLANG_WARN_INFINITE_RECURSION = YES;
				CLANG_WARN_INT_CONVERSION = YES;
				CLANG_WARN_OBJC_ROOT_CLASS = YES_ERROR;
				CLANG_WARN_SUSPICIOUS_MOVES = YES;
				CLANG_WARN_UNREACHABLE_CODE = YES;
				CLANG_WARN__DUPLICATE_METHOD_MATCH = YES;
				"CODE_SIGN_IDENTITY[sdk=iphoneos*]" = "iPhone Developer";
				COPY_PHASE_STRIP = NO;
				DEBUG_INFORMATION_FORMAT = "dwarf-with-dsym";
				ENABLE_NS_ASSERTIONS = NO;
				ENABLE_STRICT_OBJC_MSGSEND = YES;
				GCC_C_LANGUAGE_STANDARD = gnu99;
				GCC_NO_COMMON_BLOCKS = YES;
				GCC_WARN_64_TO_32_BIT_CONVERSION = YES;
				GCC_WARN_ABOUT_RETURN_TYPE = YES_ERROR;
				GCC_WARN_UNDECLARED_SELECTOR = YES;
				GCC_WARN_UNINITIALIZED_AUTOS = YES_AGGRESSIVE;
				GCC_WARN_UNUSED_FUNCTION = YES;
				GCC_WARN_UNUSED_VARIABLE = YES;
				IPHONEOS_DEPLOYMENT_TARGET = 10.0;
				MTL_ENABLE_DEBUG_INFO = NO;
				SDKROOT = iphoneos;
				SWIFT_OPTIMIZATION_LEVEL = "-Owholemodule";
				VALIDATE_PRODUCT = YES;
			};
			name = Release;
		};
		A1713FBA1DC5007000E52FC5 /* Debug */ = {
			isa = XCBuildConfiguration;
			baseConfigurationReference = C34B606B47831E612AE7CE82 /* Pods-TwitterClient.debug.xcconfig */;
			buildSettings = {
				ASSETCATALOG_COMPILER_APPICON_NAME = AppIcon;
				ASSETCATALOG_COMPILER_LAUNCHIMAGE_NAME = "LaunchImage-2";
				CODE_SIGN_ENTITLEMENTS = TwitterClient/TwitterClient.entitlements;
				"CODE_SIGN_IDENTITY[sdk=iphoneos*]" = "iPhone Developer";
				DEVELOPMENT_TEAM = UBWJ53ZM94;
				INFOPLIST_FILE = TwitterClient/Info.plist;
				LD_RUNPATH_SEARCH_PATHS = "$(inherited) @executable_path/Frameworks";
				PRODUCT_BUNDLE_IDENTIFIER = chenrangong.TwitterClient;
				PRODUCT_NAME = "$(TARGET_NAME)";
				SWIFT_VERSION = 3.0;
			};
			name = Debug;
		};
		A1713FBB1DC5007000E52FC5 /* Release */ = {
			isa = XCBuildConfiguration;
			baseConfigurationReference = D680020E0387B8D29D044661 /* Pods-TwitterClient.release.xcconfig */;
			buildSettings = {
				ASSETCATALOG_COMPILER_APPICON_NAME = AppIcon;
				ASSETCATALOG_COMPILER_LAUNCHIMAGE_NAME = "LaunchImage-2";
				CODE_SIGN_ENTITLEMENTS = TwitterClient/TwitterClient.entitlements;
				"CODE_SIGN_IDENTITY[sdk=iphoneos*]" = "iPhone Developer";
				DEVELOPMENT_TEAM = UBWJ53ZM94;
				INFOPLIST_FILE = TwitterClient/Info.plist;
				LD_RUNPATH_SEARCH_PATHS = "$(inherited) @executable_path/Frameworks";
				PRODUCT_BUNDLE_IDENTIFIER = chenrangong.TwitterClient;
				PRODUCT_NAME = "$(TARGET_NAME)";
				SWIFT_VERSION = 3.0;
			};
			name = Release;
		};
		A1713FBD1DC5007000E52FC5 /* Debug */ = {
			isa = XCBuildConfiguration;
			baseConfigurationReference = 33C0796B789186A26F4CD260 /* Pods-TwitterClientTests.debug.xcconfig */;
			buildSettings = {
				ALWAYS_EMBED_SWIFT_STANDARD_LIBRARIES = YES;
				BUNDLE_LOADER = "$(TEST_HOST)";
				INFOPLIST_FILE = TwitterClientTests/Info.plist;
				LD_RUNPATH_SEARCH_PATHS = "$(inherited) @executable_path/Frameworks @loader_path/Frameworks";
				PRODUCT_BUNDLE_IDENTIFIER = chenrangong.TwitterClientTests;
				PRODUCT_NAME = "$(TARGET_NAME)";
				SWIFT_VERSION = 3.0;
				TEST_HOST = "$(BUILT_PRODUCTS_DIR)/TwitterClient.app/TwitterClient";
			};
			name = Debug;
		};
		A1713FBE1DC5007000E52FC5 /* Release */ = {
			isa = XCBuildConfiguration;
			baseConfigurationReference = 13B93432127CBEE4C3F2C6AC /* Pods-TwitterClientTests.release.xcconfig */;
			buildSettings = {
				ALWAYS_EMBED_SWIFT_STANDARD_LIBRARIES = YES;
				BUNDLE_LOADER = "$(TEST_HOST)";
				INFOPLIST_FILE = TwitterClientTests/Info.plist;
				LD_RUNPATH_SEARCH_PATHS = "$(inherited) @executable_path/Frameworks @loader_path/Frameworks";
				PRODUCT_BUNDLE_IDENTIFIER = chenrangong.TwitterClientTests;
				PRODUCT_NAME = "$(TARGET_NAME)";
				SWIFT_VERSION = 3.0;
				TEST_HOST = "$(BUILT_PRODUCTS_DIR)/TwitterClient.app/TwitterClient";
			};
			name = Release;
		};
		A1713FC01DC5007000E52FC5 /* Debug */ = {
			isa = XCBuildConfiguration;
			baseConfigurationReference = B47590F1DFF182C0A3EC1B41 /* Pods-TwitterClientUITests.debug.xcconfig */;
			buildSettings = {
				ALWAYS_EMBED_SWIFT_STANDARD_LIBRARIES = YES;
				INFOPLIST_FILE = TwitterClientUITests/Info.plist;
				LD_RUNPATH_SEARCH_PATHS = "$(inherited) @executable_path/Frameworks @loader_path/Frameworks";
				PRODUCT_BUNDLE_IDENTIFIER = chenrangong.TwitterClientUITests;
				PRODUCT_NAME = "$(TARGET_NAME)";
				SWIFT_VERSION = 3.0;
				TEST_TARGET_NAME = TwitterClient;
			};
			name = Debug;
		};
		A1713FC11DC5007000E52FC5 /* Release */ = {
			isa = XCBuildConfiguration;
			baseConfigurationReference = 3336038CB6EBCD7977A03892 /* Pods-TwitterClientUITests.release.xcconfig */;
			buildSettings = {
				ALWAYS_EMBED_SWIFT_STANDARD_LIBRARIES = YES;
				INFOPLIST_FILE = TwitterClientUITests/Info.plist;
				LD_RUNPATH_SEARCH_PATHS = "$(inherited) @executable_path/Frameworks @loader_path/Frameworks";
				PRODUCT_BUNDLE_IDENTIFIER = chenrangong.TwitterClientUITests;
				PRODUCT_NAME = "$(TARGET_NAME)";
				SWIFT_VERSION = 3.0;
				TEST_TARGET_NAME = TwitterClient;
			};
			name = Release;
		};
/* End XCBuildConfiguration section */

/* Begin XCConfigurationList section */
		A1713F8C1DC5006F00E52FC5 /* Build configuration list for PBXProject "TwitterClient" */ = {
			isa = XCConfigurationList;
			buildConfigurations = (
				A1713FB71DC5007000E52FC5 /* Debug */,
				A1713FB81DC5007000E52FC5 /* Release */,
			);
			defaultConfigurationIsVisible = 0;
			defaultConfigurationName = Release;
		};
		A1713FB91DC5007000E52FC5 /* Build configuration list for PBXNativeTarget "TwitterClient" */ = {
			isa = XCConfigurationList;
			buildConfigurations = (
				A1713FBA1DC5007000E52FC5 /* Debug */,
				A1713FBB1DC5007000E52FC5 /* Release */,
			);
			defaultConfigurationIsVisible = 0;
			defaultConfigurationName = Release;
		};
		A1713FBC1DC5007000E52FC5 /* Build configuration list for PBXNativeTarget "TwitterClientTests" */ = {
			isa = XCConfigurationList;
			buildConfigurations = (
				A1713FBD1DC5007000E52FC5 /* Debug */,
				A1713FBE1DC5007000E52FC5 /* Release */,
			);
			defaultConfigurationIsVisible = 0;
			defaultConfigurationName = Release;
		};
		A1713FBF1DC5007000E52FC5 /* Build configuration list for PBXNativeTarget "TwitterClientUITests" */ = {
			isa = XCConfigurationList;
			buildConfigurations = (
				A1713FC01DC5007000E52FC5 /* Debug */,
				A1713FC11DC5007000E52FC5 /* Release */,
			);
			defaultConfigurationIsVisible = 0;
			defaultConfigurationName = Release;
		};
/* End XCConfigurationList section */
	};
	rootObject = A1713F891DC5006F00E52FC5 /* Project object */;
}
